
Microsoft Visual Studio Solution File, Format Version 12.00
# Visual Studio 2013
VisualStudioVersion = 12.0.21005.1
MinimumVisualStudioVersion = 10.0.40219.1
Project("{2150E333-8FDC-42A3-9474-1A3956D46DE8}") = "Solution Items", "Solution Items", "{100CFA93-8196-4ECB-B633-7293DD12C784}"
	ProjectSection(SolutionItems) = preProject
		Local.testsettings = Local.testsettings
		TraceAndTestImpact.testsettings = TraceAndTestImpact.testsettings
		UIAutomation.vsmdi = UIAutomation.vsmdi
	EndProjectSection
EndProject
Project("{FAE04EC0-301F-11D3-BF4B-00C04F79EFBC}") = "UI.Automation.Web", "WebUIAutomation\UI.Automation.Web.csproj", "{93AB7A9C-AC81-4A74-BB51-650DAEB95214}"
EndProject
Project("{FAE04EC0-301F-11D3-BF4B-00C04F79EFBC}") = "UI.Automation.Win", "WinUIAutomation\UI.Automation.Win.csproj", "{3EBF3887-BEBF-449F-ABCF-D080BE757152}"
EndProject
Project("{FAE04EC0-301F-11D3-BF4B-00C04F79EFBC}") = "UI.Automation.ObjectUtility", "UI.Automation.ObjectUtility\UI.Automation.ObjectUtility.csproj", "{1FC3DE6B-34AE-449E-A3B6-89DBFBF6E152}"
EndProject
Project("{FAE04EC0-301F-11D3-BF4B-00C04F79EFBC}") = "TestController", "TestController\TestController\TestController.csproj", "{94661B56-C3A1-43F7-8851-E81874D75BFF}"
EndProject
Project("{2150E333-8FDC-42A3-9474-1A3956D46DE8}") = "TestCase", "TestCase", "{33E5811D-52FE-4C88-ABD0-B1ABFC45D741}"
EndProject
Project("{2150E333-8FDC-42A3-9474-1A3956D46DE8}") = "Report", "Report", "{C2948F9E-127A-4C35-8A27-5A1489124FB9}"
EndProject
Project("{FAE04EC0-301F-11D3-BF4B-00C04F79EFBC}") = "TestReport", "TestReport\TestReport.csproj", "{F5F2B067-FB31-4D90-BCC4-308B85A3D104}"
EndProject
Global
	GlobalSection(SolutionConfigurationPlatforms) = preSolution
		Debug|Any CPU = Debug|Any CPU
		Debug|Mixed Platforms = Debug|Mixed Platforms
		Debug|x86 = Debug|x86
		Release|Any CPU = Release|Any CPU
		Release|Mixed Platforms = Release|Mixed Platforms
		Release|x86 = Release|x86
	EndGlobalSection
	GlobalSection(ProjectConfigurationPlatforms) = postSolution
		{93AB7A9C-AC81-4A74-BB51-650DAEB95214}.Debug|Any CPU.ActiveCfg = Debug|Any CPU
		{93AB7A9C-AC81-4A74-BB51-650DAEB95214}.Debug|Any CPU.Build.0 = Debug|Any CPU
		{93AB7A9C-AC81-4A74-BB51-650DAEB95214}.Debug|Mixed Platforms.ActiveCfg = Debug|Any CPU
		{93AB7A9C-AC81-4A74-BB51-650DAEB95214}.Debug|Mixed Platforms.Build.0 = Debug|Any CPU
		{93AB7A9C-AC81-4A74-BB51-650DAEB95214}.Debug|x86.ActiveCfg = Debug|Any CPU
		{93AB7A9C-AC81-4A74-BB51-650DAEB95214}.Release|Any CPU.ActiveCfg = Release|Any CPU
		{93AB7A9C-AC81-4A74-BB51-650DAEB95214}.Release|Any CPU.Build.0 = Release|Any CPU
		{93AB7A9C-AC81-4A74-BB51-650DAEB95214}.Release|Mixed Platforms.ActiveCfg = Release|Any CPU
		{93AB7A9C-AC81-4A74-BB51-650DAEB95214}.Release|Mixed Platforms.Build.0 = Release|Any CPU
		{93AB7A9C-AC81-4A74-BB51-650DAEB95214}.Release|x86.ActiveCfg = Release|Any CPU
		{3EBF3887-BEBF-449F-ABCF-D080BE757152}.Debug|Any CPU.ActiveCfg = Debug|Any CPU
		{3EBF3887-BEBF-449F-ABCF-D080BE757152}.Debug|Any CPU.Build.0 = Debug|Any CPU
		{3EBF3887-BEBF-449F-ABCF-D080BE757152}.Debug|Mixed Platforms.ActiveCfg = Debug|Any CPU
		{3EBF3887-BEBF-449F-ABCF-D080BE757152}.Debug|Mixed Platforms.Build.0 = Debug|Any CPU
		{3EBF3887-BEBF-449F-ABCF-D080BE757152}.Debug|x86.ActiveCfg = Debug|Any CPU
		{3EBF3887-BEBF-449F-ABCF-D080BE757152}.Release|Any CPU.ActiveCfg = Release|Any CPU
		{3EBF3887-BEBF-449F-ABCF-D080BE757152}.Release|Any CPU.Build.0 = Release|Any CPU
		{3EBF3887-BEBF-449F-ABCF-D080BE757152}.Release|Mixed Platforms.ActiveCfg = Release|Any CPU
		{3EBF3887-BEBF-449F-ABCF-D080BE757152}.Release|Mixed Platforms.Build.0 = Release|Any CPU
		{3EBF3887-BEBF-449F-ABCF-D080BE757152}.Release|x86.ActiveCfg = Release|Any CPU
		{1FC3DE6B-34AE-449E-A3B6-89DBFBF6E152}.Debug|Any CPU.ActiveCfg = Debug|Any CPU
		{1FC3DE6B-34AE-449E-A3B6-89DBFBF6E152}.Debug|Any CPU.Build.0 = Debug|Any CPU
		{1FC3DE6B-34AE-449E-A3B6-89DBFBF6E152}.Debug|Mixed Platforms.ActiveCfg = Debug|Any CPU
		{1FC3DE6B-34AE-449E-A3B6-89DBFBF6E152}.Debug|Mixed Platforms.Build.0 = Debug|Any CPU
		{1FC3DE6B-34AE-449E-A3B6-89DBFBF6E152}.Debug|x86.ActiveCfg = Debug|Any CPU
		{1FC3DE6B-34AE-449E-A3B6-89DBFBF6E152}.Release|Any CPU.ActiveCfg = Release|Any CPU
		{1FC3DE6B-34AE-449E-A3B6-89DBFBF6E152}.Release|Any CPU.Build.0 = Release|Any CPU
		{1FC3DE6B-34AE-449E-A3B6-89DBFBF6E152}.Release|Mixed Platforms.ActiveCfg = Release|Any CPU
		{1FC3DE6B-34AE-449E-A3B6-89DBFBF6E152}.Release|Mixed Platforms.Build.0 = Release|Any CPU
		{1FC3DE6B-34AE-449E-A3B6-89DBFBF6E152}.Release|x86.ActiveCfg = Release|Any CPU
		{94661B56-C3A1-43F7-8851-E81874D75BFF}.Debug|Any CPU.ActiveCfg = Debug|Any CPU
		{94661B56-C3A1-43F7-8851-E81874D75BFF}.Debug|Any CPU.Build.0 = Debug|Any CPU
		{94661B56-C3A1-43F7-8851-E81874D75BFF}.Debug|Mixed Platforms.ActiveCfg = Debug|Any CPU
		{94661B56-C3A1-43F7-8851-E81874D75BFF}.Debug|Mixed Platforms.Build.0 = Debug|Any CPU
		{94661B56-C3A1-43F7-8851-E81874D75BFF}.Debug|x86.ActiveCfg = Debug|Any CPU
		{94661B56-C3A1-43F7-8851-E81874D75BFF}.Release|Any CPU.ActiveCfg = Release|Any CPU
		{94661B56-C3A1-43F7-8851-E81874D75BFF}.Release|Any CPU.Build.0 = Release|Any CPU
		{94661B56-C3A1-43F7-8851-E81874D75BFF}.Release|Mixed Platforms.ActiveCfg = Release|Any CPU
		{94661B56-C3A1-43F7-8851-E81874D75BFF}.Release|Mixed Platforms.Build.0 = Release|Any CPU
		{94661B56-C3A1-43F7-8851-E81874D75BFF}.Release|x86.ActiveCfg = Release|Any CPU
		{F5F2B067-FB31-4D90-BCC4-308B85A3D104}.Debug|Any CPU.ActiveCfg = Debug|Any CPU
		{F5F2B067-FB31-4D90-BCC4-308B85A3D104}.Debug|Any CPU.Build.0 = Debug|Any CPU
		{F5F2B067-FB31-4D90-BCC4-308B85A3D104}.Debug|Mixed Platforms.ActiveCfg = Debug|Any CPU
		{F5F2B067-FB31-4D90-BCC4-308B85A3D104}.Debug|Mixed Platforms.Build.0 = Debug|Any CPU
		{F5F2B067-FB31-4D90-BCC4-308B85A3D104}.Debug|x86.ActiveCfg = Debug|Any CPU
		{F5F2B067-FB31-4D90-BCC4-308B85A3D104}.Release|Any CPU.ActiveCfg = Release|Any CPU
		{F5F2B067-FB31-4D90-BCC4-308B85A3D104}.Release|Any CPU.Build.0 = Release|Any CPU
		{F5F2B067-FB31-4D90-BCC4-308B85A3D104}.Release|Mixed Platforms.ActiveCfg = Release|Any CPU
		{F5F2B067-FB31-4D90-BCC4-308B85A3D104}.Release|Mixed Platforms.Build.0 = Release|Any CPU
		{F5F2B067-FB31-4D90-BCC4-308B85A3D104}.Release|x86.ActiveCfg = Release|Any CPU
	EndGlobalSection
	GlobalSection(SolutionProperties) = preSolution
		HideSolutionNode = FALSE
	EndGlobalSection
	GlobalSection(NestedProjects) = preSolution
		{F5F2B067-FB31-4D90-BCC4-308B85A3D104} = {C2948F9E-127A-4C35-8A27-5A1489124FB9}
	EndGlobalSection
	GlobalSection(TestCaseManagementSettings) = postSolution
		CategoryFile = UIAutomation.vsmdi
	EndGlobalSection
EndGlobal
